
Microsoft Visual Studio Solution File, Format Version 12.00
# Visual Studio Version 16
VisualStudioVersion = 16.0.33328.57
MinimumVisualStudioVersion = 10.0.40219.1
Project("{2150E333-8FDC-42A3-9474-1A3956D46DE8}") = "Services", "Services", "{26FB4FEF-1F76-49D5-9C43-EA9251C092D0}"
EndProject
Project("{2150E333-8FDC-42A3-9474-1A3956D46DE8}") = "Catalog", "Catalog", "{8DFCEE00-E29C-40D4-B028-CA3E58BABDD5}"
EndProject
Project("{9A19103F-16F7-4668-BE54-9A1E7A4F7556}") = "Catalog.API", "Services\Catalog\Catalog.API\Catalog.API.csproj", "{A3D10FF5-3F7A-48EA-BA30-DF0858009537}"
EndProject
Project("{E53339B2-1760-4266-BCC7-CA923CBCF16C}") = "docker-compose", "docker-compose.dcproj", "{310AB94F-7E08-4F9F-81B4-EA987C01F222}"
EndProject
Project("{2150E333-8FDC-42A3-9474-1A3956D46DE8}") = "Basket", "Basket", "{02C69DE5-C759-49BB-83E6-8548EB81B452}"
EndProject
Project("{FAE04EC0-301F-11D3-BF4B-00C04F79EFBC}") = "Basket.API", "Services\Basket\Basket.API\Basket.API.csproj", "{F4970097-8F7A-45A3-90AB-3731D0E31A72}"
EndProject
Global
	GlobalSection(SolutionConfigurationPlatforms) = preSolution
		Debug|Any CPU = Debug|Any CPU
		Release|Any CPU = Release|Any CPU
	EndGlobalSection
	GlobalSection(ProjectConfigurationPlatforms) = postSolution
		{A3D10FF5-3F7A-48EA-BA30-DF0858009537}.Debug|Any CPU.ActiveCfg = Debug|Any CPU
		{A3D10FF5-3F7A-48EA-BA30-DF0858009537}.Debug|Any CPU.Build.0 = Debug|Any CPU
		{A3D10FF5-3F7A-48EA-BA30-DF0858009537}.Release|Any CPU.ActiveCfg = Release|Any CPU
		{A3D10FF5-3F7A-48EA-BA30-DF0858009537}.Release|Any CPU.Build.0 = Release|Any CPU
		{310AB94F-7E08-4F9F-81B4-EA987C01F222}.Debug|Any CPU.ActiveCfg = Debug|Any CPU
		{310AB94F-7E08-4F9F-81B4-EA987C01F222}.Debug|Any CPU.Build.0 = Debug|Any CPU
		{310AB94F-7E08-4F9F-81B4-EA987C01F222}.Release|Any CPU.ActiveCfg = Release|Any CPU
		{310AB94F-7E08-4F9F-81B4-EA987C01F222}.Release|Any CPU.Build.0 = Release|Any CPU
		{F4970097-8F7A-45A3-90AB-3731D0E31A72}.Debug|Any CPU.ActiveCfg = Debug|Any CPU
		{F4970097-8F7A-45A3-90AB-3731D0E31A72}.Debug|Any CPU.Build.0 = Debug|Any CPU
		{F4970097-8F7A-45A3-90AB-3731D0E31A72}.Release|Any CPU.ActiveCfg = Release|Any CPU
		{F4970097-8F7A-45A3-90AB-3731D0E31A72}.Release|Any CPU.Build.0 = Release|Any CPU
	EndGlobalSection
	GlobalSection(SolutionProperties) = preSolution
		HideSolutionNode = FALSE
	EndGlobalSection
	GlobalSection(NestedProjects) = preSolution
		{8DFCEE00-E29C-40D4-B028-CA3E58BABDD5} = {26FB4FEF-1F76-49D5-9C43-EA9251C092D0}
		{A3D10FF5-3F7A-48EA-BA30-DF0858009537} = {8DFCEE00-E29C-40D4-B028-CA3E58BABDD5}
		{02C69DE5-C759-49BB-83E6-8548EB81B452} = {26FB4FEF-1F76-49D5-9C43-EA9251C092D0}
		{F4970097-8F7A-45A3-90AB-3731D0E31A72} = {02C69DE5-C759-49BB-83E6-8548EB81B452}
	EndGlobalSection
	GlobalSection(ExtensibilityGlobals) = postSolution
		SolutionGuid = {A9DA96F9-67CE-49EC-BEFB-3A072DF020B2}
	EndGlobalSection
EndGlobal
